
Microsoft Visual Studio Solution File, Format Version 12.00
# Visual Studio Version 17
VisualStudioVersion = 17.8.34511.84
MinimumVisualStudioVersion = 10.0.40219.1
Project("{FAE04EC0-301F-11D3-BF4B-00C04F79EFBC}") = "StudentPortal-WEB", "StudentPortal-WEB\StudentPortal-WEB.csproj", "{3514FD46-C24C-4A77-BEBD-289C40873F19}"
EndProject
Project("{FAE04EC0-301F-11D3-BF4B-00C04F79EFBC}") = "StudentPortal-Core", "StudentPortal-Core\StudentPortal-Core.csproj", "{7268B2DA-6907-480F-83DD-56DC8BC2246B}"
EndProject
Project("{FAE04EC0-301F-11D3-BF4B-00C04F79EFBC}") = "StudentPortal-DataAccess", "StudentPortal-DataAccess\StudentPortal-DataAccess.csproj", "{AE28EA11-6051-4883-995B-3701EFC9F71A}"
EndProject
Global
	GlobalSection(SolutionConfigurationPlatforms) = preSolution
		Debug|Any CPU = Debug|Any CPU
		Release|Any CPU = Release|Any CPU
	EndGlobalSection
	GlobalSection(ProjectConfigurationPlatforms) = postSolution
		{3514FD46-C24C-4A77-BEBD-289C40873F19}.Debug|Any CPU.ActiveCfg = Debug|Any CPU
		{3514FD46-C24C-4A77-BEBD-289C40873F19}.Debug|Any CPU.Build.0 = Debug|Any CPU
		{3514FD46-C24C-4A77-BEBD-289C40873F19}.Release|Any CPU.ActiveCfg = Release|Any CPU
		{3514FD46-C24C-4A77-BEBD-289C40873F19}.Release|Any CPU.Build.0 = Release|Any CPU
		{7268B2DA-6907-480F-83DD-56DC8BC2246B}.Debug|Any CPU.ActiveCfg = Debug|Any CPU
		{7268B2DA-6907-480F-83DD-56DC8BC2246B}.Debug|Any CPU.Build.0 = Debug|Any CPU
		{7268B2DA-6907-480F-83DD-56DC8BC2246B}.Release|Any CPU.ActiveCfg = Release|Any CPU
		{7268B2DA-6907-480F-83DD-56DC8BC2246B}.Release|Any CPU.Build.0 = Release|Any CPU
		{AE28EA11-6051-4883-995B-3701EFC9F71A}.Debug|Any CPU.ActiveCfg = Debug|Any CPU
		{AE28EA11-6051-4883-995B-3701EFC9F71A}.Debug|Any CPU.Build.0 = Debug|Any CPU
		{AE28EA11-6051-4883-995B-3701EFC9F71A}.Release|Any CPU.ActiveCfg = Release|Any CPU
		{AE28EA11-6051-4883-995B-3701EFC9F71A}.Release|Any CPU.Build.0 = Release|Any CPU
	EndGlobalSection
	GlobalSection(SolutionProperties) = preSolution
		HideSolutionNode = FALSE
	EndGlobalSection
	GlobalSection(ExtensibilityGlobals) = postSolution
		SolutionGuid = {0F06B3D1-20EF-49B1-9A33-3FDEA26498B2}
	EndGlobalSection
EndGlobal
